// !$*UTF8*$!
{
	archiveVersion = 1;
	classes = {
	};
	objectVersion = 46;
	objects = {

/* Begin PBXBuildFile section */
		ACB36F5A1BAA839B0053F742 /* main.m in Sources */ = {isa = PBXBuildFile; fileRef = ACB36F591BAA839B0053F742 /* main.m */; };
		ACB36F5D1BAA839B0053F742 /* AppDelegate.m in Sources */ = {isa = PBXBuildFile; fileRef = ACB36F5C1BAA839B0053F742 /* AppDelegate.m */; };
		ACB36F601BAA839B0053F742 /* ViewController.m in Sources */ = {isa = PBXBuildFile; fileRef = ACB36F5F1BAA839B0053F742 /* ViewController.m */; };
		ACB36F631BAA839B0053F742 /* Main.storyboard in Resources */ = {isa = PBXBuildFile; fileRef = ACB36F611BAA839B0053F742 /* Main.storyboard */; };
		ACB36F651BAA839B0053F742 /* Images.xcassets in Resources */ = {isa = PBXBuildFile; fileRef = ACB36F641BAA839B0053F742 /* Images.xcassets */; };
		ACB36F681BAA839B0053F742 /* LaunchScreen.xib in Resources */ = {isa = PBXBuildFile; fileRef = ACB36F661BAA839B0053F742 /* LaunchScreen.xib */; };
		ACB36F741BAA839B0053F742 /* des_testTests.m in Sources */ = {isa = PBXBuildFile; fileRef = ACB36F731BAA839B0053F742 /* des_testTests.m */; };
/* End PBXBuildFile section */

/* Begin PBXContainerItemProxy section */
		ACB36F6E1BAA839B0053F742 /* PBXContainerItemProxy */ = {
			isa = PBXContainerItemProxy;
			containerPortal = ACB36F4C1BAA839B0053F742 /* Project object */;
			proxyType = 1;
			remoteGlobalIDString = ACB36F531BAA839B0053F742;
			remoteInfo = des_test;
		};
/* End PBXContainerItemProxy section */

/* Begin PBXFileReference section */
		ACB36F541BAA839B0053F742 /* des_test.app */ = {isa = PBXFileReference; explicitFileType = wrapper.application; includeInIndex = 0; path = des_test.app; sourceTree = BUILT_PRODUCTS_DIR; };
		ACB36F581BAA839B0053F742 /* Info.plist */ = {isa = PBXFileReference; lastKnownFileType = text.plist.xml; path = Info.plist; sourceTree = "<group>"; };
		ACB36F591BAA839B0053F742 /* main.m */ = {isa = PBXFileReference; lastKnownFileType = sourcecode.c.objc; path = main.m; sourceTree = "<group>"; };
		ACB36F5B1BAA839B0053F742 /* AppDelegate.h */ = {isa = PBXFileReference; lastKnownFileType = sourcecode.c.h; path = AppDelegate.h; sourceTree = "<group>"; };
		ACB36F5C1BAA839B0053F742 /* AppDelegate.m */ = {isa = PBXFileReference; lastKnownFileType = sourcecode.c.objc; path = AppDelegate.m; sourceTree = "<group>"; };
		ACB36F5E1BAA839B0053F742 /* ViewController.h */ = {isa = PBXFileReference; lastKnownFileType = sourcecode.c.h; path = ViewController.h; sourceTree = "<group>"; };
		ACB36F5F1BAA839B0053F742 /* ViewController.m */ = {isa = PBXFileReference; lastKnownFileType = sourcecode.c.objc; path = ViewController.m; sourceTree = "<group>"; };
		ACB36F621BAA839B0053F742 /* Base */ = {isa = PBXFileReference; lastKnownFileType = file.storyboard; name = Base; path = Base.lproj/Main.storyboard; sourceTree = "<group>"; };
		ACB36F641BAA839B0053F742 /* Images.xcassets */ = {isa = PBXFileReference; lastKnownFileType = folder.assetcatalog; path = Images.xcassets; sourceTree = "<group>"; };
		ACB36F671BAA839B0053F742 /* Base */ = {isa = PBXFileReference; lastKnownFileType = file.xib; name = Base; path = Base.lproj/LaunchScreen.xib; sourceTree = "<group>"; };
		ACB36F6D1BAA839B0053F742 /* des_testTests.xctest */ = {isa = PBXFileReference; explicitFileType = wrapper.cfbundle; includeInIndex = 0; path = des_testTests.xctest; sourceTree = BUILT_PRODUCTS_DIR; };
		ACB36F721BAA839B0053F742 /* Info.plist */ = {isa = PBXFileReference; lastKnownFileType = text.plist.xml; path = Info.plist; sourceTree = "<group>"; };
		ACB36F731BAA839B0053F742 /* des_testTests.m */ = {isa = PBXFileReference; lastKnownFileType = sourcecode.c.objc; path = des_testTests.m; sourceTree = "<group>"; };
/* End PBXFileReference section */

/* Begin PBXFrameworksBuildPhase section */
		ACB36F511BAA839B0053F742 /* Frameworks */ = {
			isa = PBXFrameworksBuildPhase;
			buildActionMask = 2147483647;
			files = (
			);
			runOnlyForDeploymentPostprocessing = 0;
		};
		ACB36F6A1BAA839B0053F742 /* Frameworks */ = {
			isa = PBXFrameworksBuildPhase;
			buildActionMask = 2147483647;
			files = (
			);
			runOnlyForDeploymentPostprocessing = 0;
		};
/* End PBXFrameworksBuildPhase section */

/* Begin PBXGroup section */
		ACB36F4B1BAA839B0053F742 = {
			isa = PBXGroup;
			children = (
				ACB36F561BAA839B0053F742 /* des_test */,
				ACB36F701BAA839B0053F742 /* des_testTests */,
				ACB36F551BAA839B0053F742 /* Products */,
			);
			sourceTree = "<group>";
		};
		ACB36F551BAA839B0053F742 /* Products */ = {
			isa = PBXGroup;
			children = (
				ACB36F541BAA839B0053F742 /* des_test.app */,
				ACB36F6D1BAA839B0053F742 /* des_testTests.xctest */,
			);
			name = Products;
			sourceTree = "<group>";
		};
		ACB36F561BAA839B0053F742 /* des_test */ = {
			isa = PBXGroup;
			children = (
				ACB36F5B1BAA839B0053F742 /* AppDelegate.h */,
				ACB36F5C1BAA839B0053F742 /* AppDelegate.m */,
				ACB36F5E1BAA839B0053F742 /* ViewController.h */,
				ACB36F5F1BAA839B0053F742 /* ViewController.m */,
				ACB36F611BAA839B0053F742 /* Main.storyboard */,
				ACB36F641BAA839B0053F742 /* Images.xcassets */,
				ACB36F661BAA839B0053F742 /* LaunchScreen.xib */,
				ACB36F571BAA839B0053F742 /* Supporting Files */,
			);
			path = des_test;
			sourceTree = "<group>";
		};
		ACB36F571BAA839B0053F742 /* Supporting Files */ = {
			isa = PBXGroup;
			children = (
				ACB36F581BAA839B0053F742 /* Info.plist */,
				ACB36F591BAA839B0053F742 /* main.m */,
			);
			name = "Supporting Files";
			sourceTree = "<group>";
		};
		ACB36F701BAA839B0053F742 /* des_testTests */ = {
			isa = PBXGroup;
			children = (
				ACB36F731BAA839B0053F742 /* des_testTests.m */,
				ACB36F711BAA839B0053F742 /* Supporting Files */,
			);
			path = des_testTests;
			sourceTree = "<group>";
		};
		ACB36F711BAA839B0053F742 /* Supporting Files */ = {
			isa = PBXGroup;
			children = (
				ACB36F721BAA839B0053F742 /* Info.plist */,
			);
			name = "Supporting Files";
			sourceTree = "<group>";
		};
/* End PBXGroup section */

/* Begin PBXNativeTarget section */
		ACB36F531BAA839B0053F742 /* des_test */ = {
			isa = PBXNativeTarget;
			buildConfigurationList = ACB36F771BAA839B0053F742 /* Build configuration list for PBXNativeTarget "des_test" */;
			buildPhases = (
				ACB36F501BAA839B0053F742 /* Sources */,
				ACB36F511BAA839B0053F742 /* Frameworks */,
				ACB36F521BAA839B0053F742 /* Resources */,
			);
			buildRules = (
			);
			dependencies = (
			);
			name = des_test;
			productName = des_test;
			productReference = ACB36F541BAA839B0053F742 /* des_test.app */;
			productType = "com.apple.product-type.application";
		};
		ACB36F6C1BAA839B0053F742 /* des_testTests */ = {
			isa = PBXNativeTarget;
			buildConfigurationList = ACB36F7A1BAA839B0053F742 /* Build configuration list for PBXNativeTarget "des_testTests" */;
			buildPhases = (
				ACB36F691BAA839B0053F742 /* Sources */,
				ACB36F6A1BAA839B0053F742 /* Frameworks */,
				ACB36F6B1BAA839B0053F742 /* Resources */,
			);
			buildRules = (
			);
			dependencies = (
				ACB36F6F1BAA839B0053F742 /* PBXTargetDependency */,
			);
			name = des_testTests;
			productName = des_testTests;
			productReference = ACB36F6D1BAA839B0053F742 /* des_testTests.xctest */;
			productType = "com.apple.product-type.bundle.unit-test";
		};
/* End PBXNativeTarget section */

/* Begin PBXProject section */
		ACB36F4C1BAA839B0053F742 /* Project object */ = {
			isa = PBXProject;
			attributes = {
				LastUpgradeCheck = 0640;
				ORGANIZATIONNAME = liusonghong;
				TargetAttributes = {
					ACB36F531BAA839B0053F742 = {
						CreatedOnToolsVersion = 6.4;
					};
					ACB36F6C1BAA839B0053F742 = {
						CreatedOnToolsVersion = 6.4;
						TestTargetID = ACB36F531BAA839B0053F742;
					};
				};
			};
			buildConfigurationList = ACB36F4F1BAA839B0053F742 /* Build configuration list for PBXProject "des_test" */;
			compatibilityVersion = "Xcode 3.2";
			developmentRegion = English;
			hasScannedForEncodings = 0;
			knownRegions = (
				en,
				Base,
			);
			mainGroup = ACB36F4B1BAA839B0053F742;
			productRefGroup = ACB36F551BAA839B0053F742 /* Products */;
			projectDirPath = "";
			projectRoot = "";
			targets = (
				ACB36F531BAA839B0053F742 /* des_test */,
				ACB36F6C1BAA839B0053F742 /* des_testTests */,
			);
		};
/* End PBXProject section */

/* Begin PBXResourcesBuildPhase section */
		ACB36F521BAA839B0053F742 /* Resources */ = {
			isa = PBXResourcesBuildPhase;
			buildActionMask = 2147483647;
			files = (
				ACB36F631BAA839B0053F742 /* Main.storyboard in Resources */,
				ACB36F681BAA839B0053F742 /* LaunchScreen.xib in Resources */,
				ACB36F651BAA839B0053F742 /* Images.xcassets in Resources */,
			);
			runOnlyForDeploymentPostprocessing = 0;
		};
		ACB36F6B1BAA839B0053F742 /* Resources */ = {
			isa = PBXResourcesBuildPhase;
			buildActionMask = 2147483647;
			files = (
			);
			runOnlyForDeploymentPostprocessing = 0;
		};
/* End PBXResourcesBuildPhase section */

/* Begin PBXSourcesBuildPhase section */
		ACB36F501BAA839B0053F742 /* Sources */ = {
			isa = PBXSourcesBuildPhase;
			buildActionMask = 2147483647;
			files = (
				ACB36F601BAA839B0053F742 /* ViewController.m in Sources */,
				ACB36F5D1BAA839B0053F742 /* AppDelegate.m in Sources */,
				ACB36F5A1BAA839B0053F742 /* main.m in Sources */,
			);
			runOnlyForDeploymentPostprocessing = 0;
		};
		ACB36F691BAA839B0053F742 /* Sources */ = {
			isa = PBXSourcesBuildPhase;
			buildActionMask = 2147483647;
			files = (
				ACB36F741BAA839B0053F742 /* des_testTests.m in Sources */,
			);
			runOnlyForDeploymentPostprocessing = 0;
		};
/* End PBXSourcesBuildPhase section */

/* Begin PBXTargetDependency section */
		ACB36F6F1BAA839B0053F742 /* PBXTargetDependency */ = {
			isa = PBXTargetDependency;
			target = ACB36F531BAA839B0053F742 /* des_test */;
			targetProxy = ACB36F6E1BAA839B0053F742 /* PBXContainerItemProxy */;
		};
/* End PBXTargetDependency section */

/* Begin PBXVariantGroup section */
		ACB36F611BAA839B0053F742 /* Main.storyboard */ = {
			isa = PBXVariantGroup;
			children = (
				ACB36F621BAA839B0053F742 /* Base */,
			);
			name = Main.storyboard;
			sourceTree = "<group>";
		};
		ACB36F661BAA839B0053F742 /* LaunchScreen.xib */ = {
			isa = PBXVariantGroup;
			children = (
				ACB36F671BAA839B0053F742 /* Base */,
			);
			name = LaunchScreen.xib;
			sourceTree = "<group>";
		};
/* End PBXVariantGroup section */

/* Begin XCBuildConfiguration section */
		ACB36F751BAA839B0053F742 /* Debug */ = {
			isa = XCBuildConfiguration;
			buildSettings = {
				ALWAYS_SEARCH_USER_PATHS = NO;
				CLANG_CXX_LANGUAGE_STANDARD = "gnu++0x";
				CLANG_CXX_LIBRARY = "libc++";
				CLANG_ENABLE_MODULES = YES;
				CLANG_ENABLE_OBJC_ARC = YES;
				CLANG_WARN_BOOL_CONVERSION = YES;
				CLANG_WARN_CONSTANT_CONVERSION = YES;
				CLANG_WARN_DIRECT_OBJC_ISA_USAGE = YES_ERROR;
				CLANG_WARN_EMPTY_BODY = YES;
				CLANG_WARN_ENUM_CONVERSION = YES;
				CLANG_WARN_INT_CONVERSION = YES;
				CLANG_WARN_OBJC_ROOT_CLASS = YES_ERROR;
				CLANG_WARN_UNREACHABLE_CODE = YES;
				CLANG_WARN__DUPLICATE_METHOD_MATCH = YES;
				"CODE_SIGN_IDENTITY[sdk=iphoneos*]" = "iPhone Developer";
				COPY_PHASE_STRIP = NO;
				DEBUG_INFORMATION_FORMAT = "dwarf-with-dsym";
				ENABLE_STRICT_OBJC_MSGSEND = YES;
				GCC_C_LANGUAGE_STANDARD = gnu99;
				GCC_DYNAMIC_NO_PIC = NO;
				GCC_NO_COMMON_BLOCKS = YES;
				GCC_OPTIMIZATION_LEVEL = 0;
				GCC_PREPROCESSOR_DEFINITIONS = (
					"DEBUG=1",
					"$(inherited)",
				);
				GCC_SYMBOLS_PRIVATE_EXTERN = NO;
				GCC_WARN_64_TO_32_BIT_CONVERSION = YES;
				GCC_WARN_ABOUT_RETURN_TYPE = YES_ERROR;
				GCC_WARN_UNDECLARED_SELECTOR = YES;
				GCC_WARN_UNINITIALIZED_AUTOS = YES_AGGRESSIVE;
				GCC_WARN_UNUSED_FUNCTION = YES;
				GCC_WARN_UNUSED_VARIABLE = YES;
				IPHONEOS_DEPLOYMENT_TARGET = 8.4;
				MTL_ENABLE_DEBUG_INFO = YES;
				ONLY_ACTIVE_ARCH = YES;
				SDKROOT = iphoneos;
				TARGETED_DEVICE_FAMILY = "1,2";
			};
			name = Debug;
		};
		ACB36F761BAA839B0053F742 /* Release */ = {
			isa = XCBuildConfiguration;
			buildSettings = {
				ALWAYS_SEARCH_USER_PATHS = NO;
				CLANG_CXX_LANGUAGE_STANDARD = "gnu++0x";
				CLANG_CXX_LIBRARY = "libc++";
				CLANG_ENABLE_MODULES = YES;
				CLANG_ENABLE_OBJC_ARC = YES;
				CLANG_WARN_BOOL_CONVERSION = YES;
				CLANG_WARN_CONSTANT_CONVERSION = YES;
				CLANG_WARN_DIRECT_OBJC_ISA_USAGE = YES_ERROR;
				CLANG_WARN_EMPTY_BODY = YES;
				CLANG_WARN_ENUM_CONVERSION = YES;
				CLANG_WARN_INT_CONVERSION = YES;
				CLANG_WARN_OBJC_ROOT_CLASS = YES_ERROR;
				CLANG_WARN_UNREACHABLE_CODE = YES;
				CLANG_WARN__DUPLICATE_METHOD_MATCH = YES;
				"CODE_SIGN_IDENTITY[sdk=iphoneos*]" = "iPhone Developer";
				COPY_PHASE_STRIP = NO;
				DEBUG_INFORMATION_FORMAT = "dwarf-with-dsym";
				ENABLE_NS_ASSERTIONS = NO;
				ENABLE_STRICT_OBJC_MSGSEND = YES;
				GCC_C_LANGUAGE_STANDARD = gnu99;
				GCC_NO_COMMON_BLOCKS = YES;
				GCC_WARN_64_TO_32_BIT_CONVERSION = YES;
				GCC_WARN_ABOUT_RETURN_TYPE = YES_ERROR;
				GCC_WARN_UNDECLARED_SELECTOR = YES;
				GCC_WARN_UNINITIALIZED_AUTOS = YES_AGGRESSIVE;
				GCC_WARN_UNUSED_FUNCTION = YES;
				GCC_WARN_UNUSED_VARIABLE = YES;
				IPHONEOS_DEPLOYMENT_TARGET = 8.4;
				MTL_ENABLE_DEBUG_INFO = NO;
				SDKROOT = iphoneos;
				TARGETED_DEVICE_FAMILY = "1,2";
				VALIDATE_PRODUCT = YES;
			};
			name = Release;
		};
		ACB36F781BAA839B0053F742 /* Debug */ = {
			isa = XCBuildConfiguration;
			buildSettings = {
				ASSETCATALOG_COMPILER_APPICON_NAME = AppIcon;
				INFOPLIST_FILE = des_test/Info.plist;
				LD_RUNPATH_SEARCH_PATHS = "$(inherited) @executable_path/Frameworks";
				PRODUCT_NAME = "$(TARGET_NAME)";
			};
			name = Debug;
		};
		ACB36F791BAA839B0053F742 /* Release */ = {
			isa = XCBuildConfiguration;
			buildSettings = {
				ASSETCATALOG_COMPILER_APPICON_NAME = AppIcon;
				INFOPLIST_FILE = des_test/Info.plist;
				LD_RUNPATH_SEARCH_PATHS = "$(inherited) @executable_path/Frameworks";
				PRODUCT_NAME = "$(TARGET_NAME)";
			};
			name = Release;
		};
		ACB36F7B1BAA839B0053F742 /* Debug */ = {
			isa = XCBuildConfiguration;
			buildSettings = {
				BUNDLE_LOADER = "$(TEST_HOST)";
				FRAMEWORK_SEARCH_PATHS = (
					"$(SDKROOT)/Developer/Library/Frameworks",
					"$(inherited)",
				);
				GCC_PREPROCESSOR_DEFINITIONS = (
					"DEBUG=1",
					"$(inherited)",
				);
				INFOPLIST_FILE = des_testTests/Info.plist;
				LD_RUNPATH_SEARCH_PATHS = "$(inherited) @executable_path/Frameworks @loader_path/Frameworks";
				PRODUCT_NAME = "$(TARGET_NAME)";
				TEST_HOST = "$(BUILT_PRODUCTS_DIR)/des_test.app/des_test";
			};
			name = Debug;
		};
		ACB36F7C1BAA839B0053F742 /* Release */ = {
			isa = XCBuildConfiguration;
			buildSettings = {
				BUNDLE_LOADER = "$(TEST_HOST)";
				FRAMEWORK_SEARCH_PATHS = (
					"$(SDKROOT)/Developer/Library/Frameworks",
					"$(inherited)",
				);
				INFOPLIST_FILE = des_testTests/Info.plist;
				LD_RUNPATH_SEARCH_PATHS = "$(inherited) @executable_path/Frameworks @loader_path/Frameworks";
				PRODUCT_NAME = "$(TARGET_NAME)";
				TEST_HOST = "$(BUILT_PRODUCTS_DIR)/des_test.app/des_test";
			};
			name = Release;
		};
/* End XCBuildConfiguration section */

/* Begin XCConfigurationList section */
		ACB36F4F1BAA839B0053F742 /* Build configuration list for PBXProject "des_test" */ = {
			isa = XCConfigurationList;
			buildConfigurations = (
				ACB36F751BAA839B0053F742 /* Debug */,
				ACB36F761BAA839B0053F742 /* Release */,
			);
			defaultConfigurationIsVisible = 0;
			defaultConfigurationName = Release;
		};
		ACB36F771BAA839B0053F742 /* Build configuration list for PBXNativeTarget "des_test" */ = {
			isa = XCConfigurationList;
			buildConfigurations = (
				ACB36F781BAA839B0053F742 /* Debug */,
				ACB36F791BAA839B0053F742 /* Release */,
			);
			defaultConfigurationIsVisible = 0;
		};
		ACB36F7A1BAA839B0053F742 /* Build configuration list for PBXNativeTarget "des_testTests" */ = {
			isa = XCConfigurationList;
			buildConfigurations = (
				ACB36F7B1BAA839B0053F742 /* Debug */,
				ACB36F7C1BAA839B0053F742 /* Release */,
			);
			defaultConfigurationIsVisible = 0;
		};
/* End XCConfigurationList section */
	};
	rootObject = ACB36F4C1BAA839B0053F742 /* Project object */;
}
