// !$*UTF8*$!
{
	archiveVersion = 1;
	classes = {
	};
	objectVersion = 46;
	objects = {

/* Begin PBXBuildFile section */
		AC50614D1B8C67EB002994E3 /* readMe in Resources */ = {isa = PBXBuildFile; fileRef = AC50614C1B8C67EB002994E3 /* readMe */; };
		CD7E880E1B8C4729003A6800 /* main.m in Sources */ = {isa = PBXBuildFile; fileRef = CD7E880D1B8C4729003A6800 /* main.m */; };
		CD7E88111B8C4729003A6800 /* AppDelegate.m in Sources */ = {isa = PBXBuildFile; fileRef = CD7E88101B8C4729003A6800 /* AppDelegate.m */; };
		CD7E88141B8C4729003A6800 /* ViewController.m in Sources */ = {isa = PBXBuildFile; fileRef = CD7E88131B8C4729003A6800 /* ViewController.m */; };
		CD7E88171B8C4729003A6800 /* Main.storyboard in Resources */ = {isa = PBXBuildFile; fileRef = CD7E88151B8C4729003A6800 /* Main.storyboard */; };
		CD7E88191B8C4729003A6800 /* Images.xcassets in Resources */ = {isa = PBXBuildFile; fileRef = CD7E88181B8C4729003A6800 /* Images.xcassets */; };
		CD7E881C1B8C4729003A6800 /* LaunchScreen.xib in Resources */ = {isa = PBXBuildFile; fileRef = CD7E881A1B8C4729003A6800 /* LaunchScreen.xib */; };
		CD7E88281B8C4729003A6800 /* ScrollviewWithTouchTests.m in Sources */ = {isa = PBXBuildFile; fileRef = CD7E88271B8C4729003A6800 /* ScrollviewWithTouchTests.m */; };
		CD7E88331B8C4732003A6800 /* UIScrollView+TouchEvent.m in Sources */ = {isa = PBXBuildFile; fileRef = CD7E88321B8C4732003A6800 /* UIScrollView+TouchEvent.m */; };
/* End PBXBuildFile section */

/* Begin PBXContainerItemProxy section */
		CD7E88221B8C4729003A6800 /* PBXContainerItemProxy */ = {
			isa = PBXContainerItemProxy;
			containerPortal = CD7E88001B8C4729003A6800 /* Project object */;
			proxyType = 1;
			remoteGlobalIDString = CD7E88071B8C4729003A6800;
			remoteInfo = ScrollviewWithTouch;
		};
/* End PBXContainerItemProxy section */

/* Begin PBXFileReference section */
		AC50614C1B8C67EB002994E3 /* readMe */ = {isa = PBXFileReference; fileEncoding = 4; lastKnownFileType = text; path = readMe; sourceTree = "<group>"; };
		CD7E88081B8C4729003A6800 /* ScrollviewWithTouch.app */ = {isa = PBXFileReference; explicitFileType = wrapper.application; includeInIndex = 0; path = ScrollviewWithTouch.app; sourceTree = BUILT_PRODUCTS_DIR; };
		CD7E880C1B8C4729003A6800 /* Info.plist */ = {isa = PBXFileReference; lastKnownFileType = text.plist.xml; path = Info.plist; sourceTree = "<group>"; };
		CD7E880D1B8C4729003A6800 /* main.m */ = {isa = PBXFileReference; lastKnownFileType = sourcecode.c.objc; path = main.m; sourceTree = "<group>"; };
		CD7E880F1B8C4729003A6800 /* AppDelegate.h */ = {isa = PBXFileReference; lastKnownFileType = sourcecode.c.h; path = AppDelegate.h; sourceTree = "<group>"; };
		CD7E88101B8C4729003A6800 /* AppDelegate.m */ = {isa = PBXFileReference; lastKnownFileType = sourcecode.c.objc; path = AppDelegate.m; sourceTree = "<group>"; };
		CD7E88121B8C4729003A6800 /* ViewController.h */ = {isa = PBXFileReference; lastKnownFileType = sourcecode.c.h; path = ViewController.h; sourceTree = "<group>"; };
		CD7E88131B8C4729003A6800 /* ViewController.m */ = {isa = PBXFileReference; lastKnownFileType = sourcecode.c.objc; path = ViewController.m; sourceTree = "<group>"; };
		CD7E88161B8C4729003A6800 /* Base */ = {isa = PBXFileReference; lastKnownFileType = file.storyboard; name = Base; path = Base.lproj/Main.storyboard; sourceTree = "<group>"; };
		CD7E88181B8C4729003A6800 /* Images.xcassets */ = {isa = PBXFileReference; lastKnownFileType = folder.assetcatalog; path = Images.xcassets; sourceTree = "<group>"; };
		CD7E881B1B8C4729003A6800 /* Base */ = {isa = PBXFileReference; lastKnownFileType = file.xib; name = Base; path = Base.lproj/LaunchScreen.xib; sourceTree = "<group>"; };
		CD7E88211B8C4729003A6800 /* ScrollviewWithTouchTests.xctest */ = {isa = PBXFileReference; explicitFileType = wrapper.cfbundle; includeInIndex = 0; path = ScrollviewWithTouchTests.xctest; sourceTree = BUILT_PRODUCTS_DIR; };
		CD7E88261B8C4729003A6800 /* Info.plist */ = {isa = PBXFileReference; lastKnownFileType = text.plist.xml; path = Info.plist; sourceTree = "<group>"; };
		CD7E88271B8C4729003A6800 /* ScrollviewWithTouchTests.m */ = {isa = PBXFileReference; lastKnownFileType = sourcecode.c.objc; path = ScrollviewWithTouchTests.m; sourceTree = "<group>"; };
		CD7E88311B8C4732003A6800 /* UIScrollView+TouchEvent.h */ = {isa = PBXFileReference; fileEncoding = 4; lastKnownFileType = sourcecode.c.h; path = "UIScrollView+TouchEvent.h"; sourceTree = "<group>"; };
		CD7E88321B8C4732003A6800 /* UIScrollView+TouchEvent.m */ = {isa = PBXFileReference; fileEncoding = 4; lastKnownFileType = sourcecode.c.objc; path = "UIScrollView+TouchEvent.m"; sourceTree = "<group>"; };
/* End PBXFileReference section */

/* Begin PBXFrameworksBuildPhase section */
		CD7E88051B8C4729003A6800 /* Frameworks */ = {
			isa = PBXFrameworksBuildPhase;
			buildActionMask = 2147483647;
			files = (
			);
			runOnlyForDeploymentPostprocessing = 0;
		};
		CD7E881E1B8C4729003A6800 /* Frameworks */ = {
			isa = PBXFrameworksBuildPhase;
			buildActionMask = 2147483647;
			files = (
			);
			runOnlyForDeploymentPostprocessing = 0;
		};
/* End PBXFrameworksBuildPhase section */

/* Begin PBXGroup section */
		CD7E87FF1B8C4728003A6800 = {
			isa = PBXGroup;
			children = (
				AC50614C1B8C67EB002994E3 /* readMe */,
				CD7E880A1B8C4729003A6800 /* ScrollviewWithTouch */,
				CD7E88241B8C4729003A6800 /* ScrollviewWithTouchTests */,
				CD7E88091B8C4729003A6800 /* Products */,
			);
			sourceTree = "<group>";
		};
		CD7E88091B8C4729003A6800 /* Products */ = {
			isa = PBXGroup;
			children = (
				CD7E88081B8C4729003A6800 /* ScrollviewWithTouch.app */,
				CD7E88211B8C4729003A6800 /* ScrollviewWithTouchTests.xctest */,
			);
			name = Products;
			sourceTree = "<group>";
		};
		CD7E880A1B8C4729003A6800 /* ScrollviewWithTouch */ = {
			isa = PBXGroup;
			children = (
				CD7E88311B8C4732003A6800 /* UIScrollView+TouchEvent.h */,
				CD7E88321B8C4732003A6800 /* UIScrollView+TouchEvent.m */,
				CD7E880F1B8C4729003A6800 /* AppDelegate.h */,
				CD7E88101B8C4729003A6800 /* AppDelegate.m */,
				CD7E88121B8C4729003A6800 /* ViewController.h */,
				CD7E88131B8C4729003A6800 /* ViewController.m */,
				CD7E88151B8C4729003A6800 /* Main.storyboard */,
				CD7E88181B8C4729003A6800 /* Images.xcassets */,
				CD7E881A1B8C4729003A6800 /* LaunchScreen.xib */,
				CD7E880B1B8C4729003A6800 /* Supporting Files */,
			);
			path = ScrollviewWithTouch;
			sourceTree = "<group>";
		};
		CD7E880B1B8C4729003A6800 /* Supporting Files */ = {
			isa = PBXGroup;
			children = (
				CD7E880C1B8C4729003A6800 /* Info.plist */,
				CD7E880D1B8C4729003A6800 /* main.m */,
			);
			name = "Supporting Files";
			sourceTree = "<group>";
		};
		CD7E88241B8C4729003A6800 /* ScrollviewWithTouchTests */ = {
			isa = PBXGroup;
			children = (
				CD7E88271B8C4729003A6800 /* ScrollviewWithTouchTests.m */,
				CD7E88251B8C4729003A6800 /* Supporting Files */,
			);
			path = ScrollviewWithTouchTests;
			sourceTree = "<group>";
		};
		CD7E88251B8C4729003A6800 /* Supporting Files */ = {
			isa = PBXGroup;
			children = (
				CD7E88261B8C4729003A6800 /* Info.plist */,
			);
			name = "Supporting Files";
			sourceTree = "<group>";
		};
/* End PBXGroup section */

/* Begin PBXNativeTarget section */
		CD7E88071B8C4729003A6800 /* ScrollviewWithTouch */ = {
			isa = PBXNativeTarget;
			buildConfigurationList = CD7E882B1B8C4729003A6800 /* Build configuration list for PBXNativeTarget "ScrollviewWithTouch" */;
			buildPhases = (
				CD7E88041B8C4729003A6800 /* Sources */,
				CD7E88051B8C4729003A6800 /* Frameworks */,
				CD7E88061B8C4729003A6800 /* Resources */,
			);
			buildRules = (
			);
			dependencies = (
			);
			name = ScrollviewWithTouch;
			productName = ScrollviewWithTouch;
			productReference = CD7E88081B8C4729003A6800 /* ScrollviewWithTouch.app */;
			productType = "com.apple.product-type.application";
		};
		CD7E88201B8C4729003A6800 /* ScrollviewWithTouchTests */ = {
			isa = PBXNativeTarget;
			buildConfigurationList = CD7E882E1B8C4729003A6800 /* Build configuration list for PBXNativeTarget "ScrollviewWithTouchTests" */;
			buildPhases = (
				CD7E881D1B8C4729003A6800 /* Sources */,
				CD7E881E1B8C4729003A6800 /* Frameworks */,
				CD7E881F1B8C4729003A6800 /* Resources */,
			);
			buildRules = (
			);
			dependencies = (
				CD7E88231B8C4729003A6800 /* PBXTargetDependency */,
			);
			name = ScrollviewWithTouchTests;
			productName = ScrollviewWithTouchTests;
			productReference = CD7E88211B8C4729003A6800 /* ScrollviewWithTouchTests.xctest */;
			productType = "com.apple.product-type.bundle.unit-test";
		};
/* End PBXNativeTarget section */

/* Begin PBXProject section */
		CD7E88001B8C4729003A6800 /* Project object */ = {
			isa = PBXProject;
			attributes = {
				LastUpgradeCheck = 0640;
				ORGANIZATIONNAME = MiDaiCaiFu;
				TargetAttributes = {
					CD7E88071B8C4729003A6800 = {
						CreatedOnToolsVersion = 6.4;
					};
					CD7E88201B8C4729003A6800 = {
						CreatedOnToolsVersion = 6.4;
						TestTargetID = CD7E88071B8C4729003A6800;
					};
				};
			};
			buildConfigurationList = CD7E88031B8C4729003A6800 /* Build configuration list for PBXProject "ScrollviewWithTouch" */;
			compatibilityVersion = "Xcode 3.2";
			developmentRegion = English;
			hasScannedForEncodings = 0;
			knownRegions = (
				en,
				Base,
			);
			mainGroup = CD7E87FF1B8C4728003A6800;
			productRefGroup = CD7E88091B8C4729003A6800 /* Products */;
			projectDirPath = "";
			projectRoot = "";
			targets = (
				CD7E88071B8C4729003A6800 /* ScrollviewWithTouch */,
				CD7E88201B8C4729003A6800 /* ScrollviewWithTouchTests */,
			);
		};
/* End PBXProject section */

/* Begin PBXResourcesBuildPhase section */
		CD7E88061B8C4729003A6800 /* Resources */ = {
			isa = PBXResourcesBuildPhase;
			buildActionMask = 2147483647;
			files = (
				AC50614D1B8C67EB002994E3 /* readMe in Resources */,
				CD7E88171B8C4729003A6800 /* Main.storyboard in Resources */,
				CD7E881C1B8C4729003A6800 /* LaunchScreen.xib in Resources */,
				CD7E88191B8C4729003A6800 /* Images.xcassets in Resources */,
			);
			runOnlyForDeploymentPostprocessing = 0;
		};
		CD7E881F1B8C4729003A6800 /* Resources */ = {
			isa = PBXResourcesBuildPhase;
			buildActionMask = 2147483647;
			files = (
			);
			runOnlyForDeploymentPostprocessing = 0;
		};
/* End PBXResourcesBuildPhase section */

/* Begin PBXSourcesBuildPhase section */
		CD7E88041B8C4729003A6800 /* Sources */ = {
			isa = PBXSourcesBuildPhase;
			buildActionMask = 2147483647;
			files = (
				CD7E88331B8C4732003A6800 /* UIScrollView+TouchEvent.m in Sources */,
				CD7E88141B8C4729003A6800 /* ViewController.m in Sources */,
				CD7E88111B8C4729003A6800 /* AppDelegate.m in Sources */,
				CD7E880E1B8C4729003A6800 /* main.m in Sources */,
			);
			runOnlyForDeploymentPostprocessing = 0;
		};
		CD7E881D1B8C4729003A6800 /* Sources */ = {
			isa = PBXSourcesBuildPhase;
			buildActionMask = 2147483647;
			files = (
				CD7E88281B8C4729003A6800 /* ScrollviewWithTouchTests.m in Sources */,
			);
			runOnlyForDeploymentPostprocessing = 0;
		};
/* End PBXSourcesBuildPhase section */

/* Begin PBXTargetDependency section */
		CD7E88231B8C4729003A6800 /* PBXTargetDependency */ = {
			isa = PBXTargetDependency;
			target = CD7E88071B8C4729003A6800 /* ScrollviewWithTouch */;
			targetProxy = CD7E88221B8C4729003A6800 /* PBXContainerItemProxy */;
		};
/* End PBXTargetDependency section */

/* Begin PBXVariantGroup section */
		CD7E88151B8C4729003A6800 /* Main.storyboard */ = {
			isa = PBXVariantGroup;
			children = (
				CD7E88161B8C4729003A6800 /* Base */,
			);
			name = Main.storyboard;
			sourceTree = "<group>";
		};
		CD7E881A1B8C4729003A6800 /* LaunchScreen.xib */ = {
			isa = PBXVariantGroup;
			children = (
				CD7E881B1B8C4729003A6800 /* Base */,
			);
			name = LaunchScreen.xib;
			sourceTree = "<group>";
		};
/* End PBXVariantGroup section */

/* Begin XCBuildConfiguration section */
		CD7E88291B8C4729003A6800 /* Debug */ = {
			isa = XCBuildConfiguration;
			buildSettings = {
				ALWAYS_SEARCH_USER_PATHS = NO;
				CLANG_CXX_LANGUAGE_STANDARD = "gnu++0x";
				CLANG_CXX_LIBRARY = "libc++";
				CLANG_ENABLE_MODULES = YES;
				CLANG_ENABLE_OBJC_ARC = YES;
				CLANG_WARN_BOOL_CONVERSION = YES;
				CLANG_WARN_CONSTANT_CONVERSION = YES;
				CLANG_WARN_DIRECT_OBJC_ISA_USAGE = YES_ERROR;
				CLANG_WARN_EMPTY_BODY = YES;
				CLANG_WARN_ENUM_CONVERSION = YES;
				CLANG_WARN_INT_CONVERSION = YES;
				CLANG_WARN_OBJC_ROOT_CLASS = YES_ERROR;
				CLANG_WARN_UNREACHABLE_CODE = YES;
				CLANG_WARN__DUPLICATE_METHOD_MATCH = YES;
				"CODE_SIGN_IDENTITY[sdk=iphoneos*]" = "iPhone Developer";
				COPY_PHASE_STRIP = NO;
				DEBUG_INFORMATION_FORMAT = "dwarf-with-dsym";
				ENABLE_STRICT_OBJC_MSGSEND = YES;
				GCC_C_LANGUAGE_STANDARD = gnu99;
				GCC_DYNAMIC_NO_PIC = NO;
				GCC_NO_COMMON_BLOCKS = YES;
				GCC_OPTIMIZATION_LEVEL = 0;
				GCC_PREPROCESSOR_DEFINITIONS = (
					"DEBUG=1",
					"$(inherited)",
				);
				GCC_SYMBOLS_PRIVATE_EXTERN = NO;
				GCC_WARN_64_TO_32_BIT_CONVERSION = YES;
				GCC_WARN_ABOUT_RETURN_TYPE = YES_ERROR;
				GCC_WARN_UNDECLARED_SELECTOR = YES;
				GCC_WARN_UNINITIALIZED_AUTOS = YES_AGGRESSIVE;
				GCC_WARN_UNUSED_FUNCTION = YES;
				GCC_WARN_UNUSED_VARIABLE = YES;
				IPHONEOS_DEPLOYMENT_TARGET = 8.4;
				MTL_ENABLE_DEBUG_INFO = YES;
				ONLY_ACTIVE_ARCH = YES;
				SDKROOT = iphoneos;
				TARGETED_DEVICE_FAMILY = "1,2";
			};
			name = Debug;
		};
		CD7E882A1B8C4729003A6800 /* Release */ = {
			isa = XCBuildConfiguration;
			buildSettings = {
				ALWAYS_SEARCH_USER_PATHS = NO;
				CLANG_CXX_LANGUAGE_STANDARD = "gnu++0x";
				CLANG_CXX_LIBRARY = "libc++";
				CLANG_ENABLE_MODULES = YES;
				CLANG_ENABLE_OBJC_ARC = YES;
				CLANG_WARN_BOOL_CONVERSION = YES;
				CLANG_WARN_CONSTANT_CONVERSION = YES;
				CLANG_WARN_DIRECT_OBJC_ISA_USAGE = YES_ERROR;
				CLANG_WARN_EMPTY_BODY = YES;
				CLANG_WARN_ENUM_CONVERSION = YES;
				CLANG_WARN_INT_CONVERSION = YES;
				CLANG_WARN_OBJC_ROOT_CLASS = YES_ERROR;
				CLANG_WARN_UNREACHABLE_CODE = YES;
				CLANG_WARN__DUPLICATE_METHOD_MATCH = YES;
				"CODE_SIGN_IDENTITY[sdk=iphoneos*]" = "iPhone Developer";
				COPY_PHASE_STRIP = NO;
				DEBUG_INFORMATION_FORMAT = "dwarf-with-dsym";
				ENABLE_NS_ASSERTIONS = NO;
				ENABLE_STRICT_OBJC_MSGSEND = YES;
				GCC_C_LANGUAGE_STANDARD = gnu99;
				GCC_NO_COMMON_BLOCKS = YES;
				GCC_WARN_64_TO_32_BIT_CONVERSION = YES;
				GCC_WARN_ABOUT_RETURN_TYPE = YES_ERROR;
				GCC_WARN_UNDECLARED_SELECTOR = YES;
				GCC_WARN_UNINITIALIZED_AUTOS = YES_AGGRESSIVE;
				GCC_WARN_UNUSED_FUNCTION = YES;
				GCC_WARN_UNUSED_VARIABLE = YES;
				IPHONEOS_DEPLOYMENT_TARGET = 8.4;
				MTL_ENABLE_DEBUG_INFO = NO;
				SDKROOT = iphoneos;
				TARGETED_DEVICE_FAMILY = "1,2";
				VALIDATE_PRODUCT = YES;
			};
			name = Release;
		};
		CD7E882C1B8C4729003A6800 /* Debug */ = {
			isa = XCBuildConfiguration;
			buildSettings = {
				ASSETCATALOG_COMPILER_APPICON_NAME = AppIcon;
				INFOPLIST_FILE = ScrollviewWithTouch/Info.plist;
				LD_RUNPATH_SEARCH_PATHS = "$(inherited) @executable_path/Frameworks";
				PRODUCT_NAME = "$(TARGET_NAME)";
			};
			name = Debug;
		};
		CD7E882D1B8C4729003A6800 /* Release */ = {
			isa = XCBuildConfiguration;
			buildSettings = {
				ASSETCATALOG_COMPILER_APPICON_NAME = AppIcon;
				INFOPLIST_FILE = ScrollviewWithTouch/Info.plist;
				LD_RUNPATH_SEARCH_PATHS = "$(inherited) @executable_path/Frameworks";
				PRODUCT_NAME = "$(TARGET_NAME)";
			};
			name = Release;
		};
		CD7E882F1B8C4729003A6800 /* Debug */ = {
			isa = XCBuildConfiguration;
			buildSettings = {
				BUNDLE_LOADER = "$(TEST_HOST)";
				FRAMEWORK_SEARCH_PATHS = (
					"$(SDKROOT)/Developer/Library/Frameworks",
					"$(inherited)",
				);
				GCC_PREPROCESSOR_DEFINITIONS = (
					"DEBUG=1",
					"$(inherited)",
				);
				INFOPLIST_FILE = ScrollviewWithTouchTests/Info.plist;
				LD_RUNPATH_SEARCH_PATHS = "$(inherited) @executable_path/Frameworks @loader_path/Frameworks";
				PRODUCT_NAME = "$(TARGET_NAME)";
				TEST_HOST = "$(BUILT_PRODUCTS_DIR)/ScrollviewWithTouch.app/ScrollviewWithTouch";
			};
			name = Debug;
		};
		CD7E88301B8C4729003A6800 /* Release */ = {
			isa = XCBuildConfiguration;
			buildSettings = {
				BUNDLE_LOADER = "$(TEST_HOST)";
				FRAMEWORK_SEARCH_PATHS = (
					"$(SDKROOT)/Developer/Library/Frameworks",
					"$(inherited)",
				);
				INFOPLIST_FILE = ScrollviewWithTouchTests/Info.plist;
				LD_RUNPATH_SEARCH_PATHS = "$(inherited) @executable_path/Frameworks @loader_path/Frameworks";
				PRODUCT_NAME = "$(TARGET_NAME)";
				TEST_HOST = "$(BUILT_PRODUCTS_DIR)/ScrollviewWithTouch.app/ScrollviewWithTouch";
			};
			name = Release;
		};
/* End XCBuildConfiguration section */

/* Begin XCConfigurationList section */
		CD7E88031B8C4729003A6800 /* Build configuration list for PBXProject "ScrollviewWithTouch" */ = {
			isa = XCConfigurationList;
			buildConfigurations = (
				CD7E88291B8C4729003A6800 /* Debug */,
				CD7E882A1B8C4729003A6800 /* Release */,
			);
			defaultConfigurationIsVisible = 0;
			defaultConfigurationName = Release;
		};
		CD7E882B1B8C4729003A6800 /* Build configuration list for PBXNativeTarget "ScrollviewWithTouch" */ = {
			isa = XCConfigurationList;
			buildConfigurations = (
				CD7E882C1B8C4729003A6800 /* Debug */,
				CD7E882D1B8C4729003A6800 /* Release */,
			);
			defaultConfigurationIsVisible = 0;
			defaultConfigurationName = Release;
		};
		CD7E882E1B8C4729003A6800 /* Build configuration list for PBXNativeTarget "ScrollviewWithTouchTests" */ = {
			isa = XCConfigurationList;
			buildConfigurations = (
				CD7E882F1B8C4729003A6800 /* Debug */,
				CD7E88301B8C4729003A6800 /* Release */,
			);
			defaultConfigurationIsVisible = 0;
			defaultConfigurationName = Release;
		};
/* End XCConfigurationList section */
	};
	rootObject = CD7E88001B8C4729003A6800 /* Project object */;
}
