// !$*UTF8*$!
{
	archiveVersion = 1;
	classes = {
	};
	objectVersion = 46;
	objects = {

/* Begin PBXBuildFile section */
		AC6C5CB71C50BAC30006121B /* main.m in Sources */ = {isa = PBXBuildFile; fileRef = AC6C5CB61C50BAC30006121B /* main.m */; };
		AC6C5CBA1C50BAC30006121B /* AppDelegate.m in Sources */ = {isa = PBXBuildFile; fileRef = AC6C5CB91C50BAC30006121B /* AppDelegate.m */; };
		AC6C5CBD1C50BAC30006121B /* ViewController.m in Sources */ = {isa = PBXBuildFile; fileRef = AC6C5CBC1C50BAC30006121B /* ViewController.m */; };
		AC6C5CC01C50BAC30006121B /* Main.storyboard in Resources */ = {isa = PBXBuildFile; fileRef = AC6C5CBE1C50BAC30006121B /* Main.storyboard */; };
		AC6C5CC21C50BAC30006121B /* Assets.xcassets in Resources */ = {isa = PBXBuildFile; fileRef = AC6C5CC11C50BAC30006121B /* Assets.xcassets */; };
		AC6C5CC51C50BAC30006121B /* LaunchScreen.storyboard in Resources */ = {isa = PBXBuildFile; fileRef = AC6C5CC31C50BAC30006121B /* LaunchScreen.storyboard */; };
		AC6C5CD01C50BAC30006121B /* GPS_TestTests.m in Sources */ = {isa = PBXBuildFile; fileRef = AC6C5CCF1C50BAC30006121B /* GPS_TestTests.m */; };
		AC6C5CDB1C50BAC30006121B /* GPS_TestUITests.m in Sources */ = {isa = PBXBuildFile; fileRef = AC6C5CDA1C50BAC30006121B /* GPS_TestUITests.m */; };
		AC6C5CE91C50BB3E0006121B /* CoreLocation.framework in Frameworks */ = {isa = PBXBuildFile; fileRef = AC6C5CE81C50BB3E0006121B /* CoreLocation.framework */; };
		AC6C5CEB1C50CE050006121B /* MapKit.framework in Frameworks */ = {isa = PBXBuildFile; fileRef = AC6C5CEA1C50CE050006121B /* MapKit.framework */; };
		AC6C5CEE1C50D2AE0006121B /* mapView.m in Sources */ = {isa = PBXBuildFile; fileRef = AC6C5CED1C50D2AE0006121B /* mapView.m */; };
		AC6C5CF21C51DE700006121B /* CustomPlist.plist in Resources */ = {isa = PBXBuildFile; fileRef = AC6C5CF11C51DE700006121B /* CustomPlist.plist */; };
/* End PBXBuildFile section */

/* Begin PBXContainerItemProxy section */
		AC6C5CCC1C50BAC30006121B /* PBXContainerItemProxy */ = {
			isa = PBXContainerItemProxy;
			containerPortal = AC6C5CAA1C50BAC30006121B /* Project object */;
			proxyType = 1;
			remoteGlobalIDString = AC6C5CB11C50BAC30006121B;
			remoteInfo = GPS_Test;
		};
		AC6C5CD71C50BAC30006121B /* PBXContainerItemProxy */ = {
			isa = PBXContainerItemProxy;
			containerPortal = AC6C5CAA1C50BAC30006121B /* Project object */;
			proxyType = 1;
			remoteGlobalIDString = AC6C5CB11C50BAC30006121B;
			remoteInfo = GPS_Test;
		};
/* End PBXContainerItemProxy section */

/* Begin PBXFileReference section */
		AC6C5CB21C50BAC30006121B /* GPS_Test.app */ = {isa = PBXFileReference; explicitFileType = wrapper.application; includeInIndex = 0; path = GPS_Test.app; sourceTree = BUILT_PRODUCTS_DIR; };
		AC6C5CB61C50BAC30006121B /* main.m */ = {isa = PBXFileReference; lastKnownFileType = sourcecode.c.objc; path = main.m; sourceTree = "<group>"; };
		AC6C5CB81C50BAC30006121B /* AppDelegate.h */ = {isa = PBXFileReference; lastKnownFileType = sourcecode.c.h; path = AppDelegate.h; sourceTree = "<group>"; };
		AC6C5CB91C50BAC30006121B /* AppDelegate.m */ = {isa = PBXFileReference; lastKnownFileType = sourcecode.c.objc; path = AppDelegate.m; sourceTree = "<group>"; };
		AC6C5CBB1C50BAC30006121B /* ViewController.h */ = {isa = PBXFileReference; lastKnownFileType = sourcecode.c.h; path = ViewController.h; sourceTree = "<group>"; };
		AC6C5CBC1C50BAC30006121B /* ViewController.m */ = {isa = PBXFileReference; lastKnownFileType = sourcecode.c.objc; path = ViewController.m; sourceTree = "<group>"; };
		AC6C5CBF1C50BAC30006121B /* Base */ = {isa = PBXFileReference; lastKnownFileType = file.storyboard; name = Base; path = Base.lproj/Main.storyboard; sourceTree = "<group>"; };
		AC6C5CC11C50BAC30006121B /* Assets.xcassets */ = {isa = PBXFileReference; lastKnownFileType = folder.assetcatalog; path = Assets.xcassets; sourceTree = "<group>"; };
		AC6C5CC41C50BAC30006121B /* Base */ = {isa = PBXFileReference; lastKnownFileType = file.storyboard; name = Base; path = Base.lproj/LaunchScreen.storyboard; sourceTree = "<group>"; };
		AC6C5CC61C50BAC30006121B /* Info.plist */ = {isa = PBXFileReference; lastKnownFileType = text.plist.xml; path = Info.plist; sourceTree = "<group>"; };
		AC6C5CCB1C50BAC30006121B /* GPS_TestTests.xctest */ = {isa = PBXFileReference; explicitFileType = wrapper.cfbundle; includeInIndex = 0; path = GPS_TestTests.xctest; sourceTree = BUILT_PRODUCTS_DIR; };
		AC6C5CCF1C50BAC30006121B /* GPS_TestTests.m */ = {isa = PBXFileReference; lastKnownFileType = sourcecode.c.objc; path = GPS_TestTests.m; sourceTree = "<group>"; };
		AC6C5CD11C50BAC30006121B /* Info.plist */ = {isa = PBXFileReference; lastKnownFileType = text.plist.xml; path = Info.plist; sourceTree = "<group>"; };
		AC6C5CD61C50BAC30006121B /* GPS_TestUITests.xctest */ = {isa = PBXFileReference; explicitFileType = wrapper.cfbundle; includeInIndex = 0; path = GPS_TestUITests.xctest; sourceTree = BUILT_PRODUCTS_DIR; };
		AC6C5CDA1C50BAC30006121B /* GPS_TestUITests.m */ = {isa = PBXFileReference; lastKnownFileType = sourcecode.c.objc; path = GPS_TestUITests.m; sourceTree = "<group>"; };
		AC6C5CDC1C50BAC30006121B /* Info.plist */ = {isa = PBXFileReference; lastKnownFileType = text.plist.xml; path = Info.plist; sourceTree = "<group>"; };
		AC6C5CE81C50BB3E0006121B /* CoreLocation.framework */ = {isa = PBXFileReference; lastKnownFileType = wrapper.framework; name = CoreLocation.framework; path = System/Library/Frameworks/CoreLocation.framework; sourceTree = SDKROOT; };
		AC6C5CEA1C50CE050006121B /* MapKit.framework */ = {isa = PBXFileReference; lastKnownFileType = wrapper.framework; name = MapKit.framework; path = System/Library/Frameworks/MapKit.framework; sourceTree = SDKROOT; };
		AC6C5CEC1C50D2AE0006121B /* mapView.h */ = {isa = PBXFileReference; fileEncoding = 4; lastKnownFileType = sourcecode.c.h; path = mapView.h; sourceTree = "<group>"; };
		AC6C5CED1C50D2AE0006121B /* mapView.m */ = {isa = PBXFileReference; fileEncoding = 4; lastKnownFileType = sourcecode.c.objc; path = mapView.m; sourceTree = "<group>"; };
		AC6C5CF11C51DE700006121B /* CustomPlist.plist */ = {isa = PBXFileReference; fileEncoding = 4; lastKnownFileType = text.plist.xml; path = CustomPlist.plist; sourceTree = "<group>"; };
/* End PBXFileReference section */

/* Begin PBXFrameworksBuildPhase section */
		AC6C5CAF1C50BAC30006121B /* Frameworks */ = {
			isa = PBXFrameworksBuildPhase;
			buildActionMask = 2147483647;
			files = (
				AC6C5CEB1C50CE050006121B /* MapKit.framework in Frameworks */,
				AC6C5CE91C50BB3E0006121B /* CoreLocation.framework in Frameworks */,
			);
			runOnlyForDeploymentPostprocessing = 0;
		};
		AC6C5CC81C50BAC30006121B /* Frameworks */ = {
			isa = PBXFrameworksBuildPhase;
			buildActionMask = 2147483647;
			files = (
			);
			runOnlyForDeploymentPostprocessing = 0;
		};
		AC6C5CD31C50BAC30006121B /* Frameworks */ = {
			isa = PBXFrameworksBuildPhase;
			buildActionMask = 2147483647;
			files = (
			);
			runOnlyForDeploymentPostprocessing = 0;
		};
/* End PBXFrameworksBuildPhase section */

/* Begin PBXGroup section */
		AC6C5CA91C50BAC30006121B = {
			isa = PBXGroup;
			children = (
				AC6C5CB41C50BAC30006121B /* GPS_Test */,
				AC6C5CCE1C50BAC30006121B /* GPS_TestTests */,
				AC6C5CD91C50BAC30006121B /* GPS_TestUITests */,
				AC6C5CB31C50BAC30006121B /* Products */,
			);
			sourceTree = "<group>";
		};
		AC6C5CB31C50BAC30006121B /* Products */ = {
			isa = PBXGroup;
			children = (
				AC6C5CB21C50BAC30006121B /* GPS_Test.app */,
				AC6C5CCB1C50BAC30006121B /* GPS_TestTests.xctest */,
				AC6C5CD61C50BAC30006121B /* GPS_TestUITests.xctest */,
			);
			name = Products;
			sourceTree = "<group>";
		};
		AC6C5CB41C50BAC30006121B /* GPS_Test */ = {
			isa = PBXGroup;
			children = (
				AC6C5CEC1C50D2AE0006121B /* mapView.h */,
				AC6C5CED1C50D2AE0006121B /* mapView.m */,
				AC6C5CB81C50BAC30006121B /* AppDelegate.h */,
				AC6C5CB91C50BAC30006121B /* AppDelegate.m */,
				AC6C5CBB1C50BAC30006121B /* ViewController.h */,
				AC6C5CBC1C50BAC30006121B /* ViewController.m */,
				AC6C5CBE1C50BAC30006121B /* Main.storyboard */,
				AC6C5CC11C50BAC30006121B /* Assets.xcassets */,
				AC6C5CC31C50BAC30006121B /* LaunchScreen.storyboard */,
				AC6C5CC61C50BAC30006121B /* Info.plist */,
				AC6C5CB51C50BAC30006121B /* Supporting Files */,
			);
			path = GPS_Test;
			sourceTree = "<group>";
		};
		AC6C5CB51C50BAC30006121B /* Supporting Files */ = {
			isa = PBXGroup;
			children = (
				AC6C5CF11C51DE700006121B /* CustomPlist.plist */,
				AC6C5CEA1C50CE050006121B /* MapKit.framework */,
				AC6C5CE81C50BB3E0006121B /* CoreLocation.framework */,
				AC6C5CB61C50BAC30006121B /* main.m */,
			);
			name = "Supporting Files";
			sourceTree = "<group>";
		};
		AC6C5CCE1C50BAC30006121B /* GPS_TestTests */ = {
			isa = PBXGroup;
			children = (
				AC6C5CCF1C50BAC30006121B /* GPS_TestTests.m */,
				AC6C5CD11C50BAC30006121B /* Info.plist */,
			);
			path = GPS_TestTests;
			sourceTree = "<group>";
		};
		AC6C5CD91C50BAC30006121B /* GPS_TestUITests */ = {
			isa = PBXGroup;
			children = (
				AC6C5CDA1C50BAC30006121B /* GPS_TestUITests.m */,
				AC6C5CDC1C50BAC30006121B /* Info.plist */,
			);
			path = GPS_TestUITests;
			sourceTree = "<group>";
		};
/* End PBXGroup section */

/* Begin PBXNativeTarget section */
		AC6C5CB11C50BAC30006121B /* GPS_Test */ = {
			isa = PBXNativeTarget;
			buildConfigurationList = AC6C5CDF1C50BAC30006121B /* Build configuration list for PBXNativeTarget "GPS_Test" */;
			buildPhases = (
				AC6C5CAE1C50BAC30006121B /* Sources */,
				AC6C5CAF1C50BAC30006121B /* Frameworks */,
				AC6C5CB01C50BAC30006121B /* Resources */,
			);
			buildRules = (
			);
			dependencies = (
			);
			name = GPS_Test;
			productName = GPS_Test;
			productReference = AC6C5CB21C50BAC30006121B /* GPS_Test.app */;
			productType = "com.apple.product-type.application";
		};
		AC6C5CCA1C50BAC30006121B /* GPS_TestTests */ = {
			isa = PBXNativeTarget;
			buildConfigurationList = AC6C5CE21C50BAC30006121B /* Build configuration list for PBXNativeTarget "GPS_TestTests" */;
			buildPhases = (
				AC6C5CC71C50BAC30006121B /* Sources */,
				AC6C5CC81C50BAC30006121B /* Frameworks */,
				AC6C5CC91C50BAC30006121B /* Resources */,
			);
			buildRules = (
			);
			dependencies = (
				AC6C5CCD1C50BAC30006121B /* PBXTargetDependency */,
			);
			name = GPS_TestTests;
			productName = GPS_TestTests;
			productReference = AC6C5CCB1C50BAC30006121B /* GPS_TestTests.xctest */;
			productType = "com.apple.product-type.bundle.unit-test";
		};
		AC6C5CD51C50BAC30006121B /* GPS_TestUITests */ = {
			isa = PBXNativeTarget;
			buildConfigurationList = AC6C5CE51C50BAC30006121B /* Build configuration list for PBXNativeTarget "GPS_TestUITests" */;
			buildPhases = (
				AC6C5CD21C50BAC30006121B /* Sources */,
				AC6C5CD31C50BAC30006121B /* Frameworks */,
				AC6C5CD41C50BAC30006121B /* Resources */,
			);
			buildRules = (
			);
			dependencies = (
				AC6C5CD81C50BAC30006121B /* PBXTargetDependency */,
			);
			name = GPS_TestUITests;
			productName = GPS_TestUITests;
			productReference = AC6C5CD61C50BAC30006121B /* GPS_TestUITests.xctest */;
			productType = "com.apple.product-type.bundle.ui-testing";
		};
/* End PBXNativeTarget section */

/* Begin PBXProject section */
		AC6C5CAA1C50BAC30006121B /* Project object */ = {
			isa = PBXProject;
			attributes = {
				LastUpgradeCheck = 0720;
				ORGANIZATIONNAME = liusonghong;
				TargetAttributes = {
					AC6C5CB11C50BAC30006121B = {
						CreatedOnToolsVersion = 7.2;
					};
					AC6C5CCA1C50BAC30006121B = {
						CreatedOnToolsVersion = 7.2;
						TestTargetID = AC6C5CB11C50BAC30006121B;
					};
					AC6C5CD51C50BAC30006121B = {
						CreatedOnToolsVersion = 7.2;
						TestTargetID = AC6C5CB11C50BAC30006121B;
					};
				};
			};
			buildConfigurationList = AC6C5CAD1C50BAC30006121B /* Build configuration list for PBXProject "GPS_Test" */;
			compatibilityVersion = "Xcode 3.2";
			developmentRegion = English;
			hasScannedForEncodings = 0;
			knownRegions = (
				en,
				Base,
			);
			mainGroup = AC6C5CA91C50BAC30006121B;
			productRefGroup = AC6C5CB31C50BAC30006121B /* Products */;
			projectDirPath = "";
			projectRoot = "";
			targets = (
				AC6C5CB11C50BAC30006121B /* GPS_Test */,
				AC6C5CCA1C50BAC30006121B /* GPS_TestTests */,
				AC6C5CD51C50BAC30006121B /* GPS_TestUITests */,
			);
		};
/* End PBXProject section */

/* Begin PBXResourcesBuildPhase section */
		AC6C5CB01C50BAC30006121B /* Resources */ = {
			isa = PBXResourcesBuildPhase;
			buildActionMask = 2147483647;
			files = (
				AC6C5CC51C50BAC30006121B /* LaunchScreen.storyboard in Resources */,
				AC6C5CC21C50BAC30006121B /* Assets.xcassets in Resources */,
				AC6C5CF21C51DE700006121B /* CustomPlist.plist in Resources */,
				AC6C5CC01C50BAC30006121B /* Main.storyboard in Resources */,
			);
			runOnlyForDeploymentPostprocessing = 0;
		};
		AC6C5CC91C50BAC30006121B /* Resources */ = {
			isa = PBXResourcesBuildPhase;
			buildActionMask = 2147483647;
			files = (
			);
			runOnlyForDeploymentPostprocessing = 0;
		};
		AC6C5CD41C50BAC30006121B /* Resources */ = {
			isa = PBXResourcesBuildPhase;
			buildActionMask = 2147483647;
			files = (
			);
			runOnlyForDeploymentPostprocessing = 0;
		};
/* End PBXResourcesBuildPhase section */

/* Begin PBXSourcesBuildPhase section */
		AC6C5CAE1C50BAC30006121B /* Sources */ = {
			isa = PBXSourcesBuildPhase;
			buildActionMask = 2147483647;
			files = (
				AC6C5CBD1C50BAC30006121B /* ViewController.m in Sources */,
				AC6C5CEE1C50D2AE0006121B /* mapView.m in Sources */,
				AC6C5CBA1C50BAC30006121B /* AppDelegate.m in Sources */,
				AC6C5CB71C50BAC30006121B /* main.m in Sources */,
			);
			runOnlyForDeploymentPostprocessing = 0;
		};
		AC6C5CC71C50BAC30006121B /* Sources */ = {
			isa = PBXSourcesBuildPhase;
			buildActionMask = 2147483647;
			files = (
				AC6C5CD01C50BAC30006121B /* GPS_TestTests.m in Sources */,
			);
			runOnlyForDeploymentPostprocessing = 0;
		};
		AC6C5CD21C50BAC30006121B /* Sources */ = {
			isa = PBXSourcesBuildPhase;
			buildActionMask = 2147483647;
			files = (
				AC6C5CDB1C50BAC30006121B /* GPS_TestUITests.m in Sources */,
			);
			runOnlyForDeploymentPostprocessing = 0;
		};
/* End PBXSourcesBuildPhase section */

/* Begin PBXTargetDependency section */
		AC6C5CCD1C50BAC30006121B /* PBXTargetDependency */ = {
			isa = PBXTargetDependency;
			target = AC6C5CB11C50BAC30006121B /* GPS_Test */;
			targetProxy = AC6C5CCC1C50BAC30006121B /* PBXContainerItemProxy */;
		};
		AC6C5CD81C50BAC30006121B /* PBXTargetDependency */ = {
			isa = PBXTargetDependency;
			target = AC6C5CB11C50BAC30006121B /* GPS_Test */;
			targetProxy = AC6C5CD71C50BAC30006121B /* PBXContainerItemProxy */;
		};
/* End PBXTargetDependency section */

/* Begin PBXVariantGroup section */
		AC6C5CBE1C50BAC30006121B /* Main.storyboard */ = {
			isa = PBXVariantGroup;
			children = (
				AC6C5CBF1C50BAC30006121B /* Base */,
			);
			name = Main.storyboard;
			sourceTree = "<group>";
		};
		AC6C5CC31C50BAC30006121B /* LaunchScreen.storyboard */ = {
			isa = PBXVariantGroup;
			children = (
				AC6C5CC41C50BAC30006121B /* Base */,
			);
			name = LaunchScreen.storyboard;
			sourceTree = "<group>";
		};
/* End PBXVariantGroup section */

/* Begin XCBuildConfiguration section */
		AC6C5CDD1C50BAC30006121B /* Debug */ = {
			isa = XCBuildConfiguration;
			buildSettings = {
				ALWAYS_SEARCH_USER_PATHS = NO;
				CLANG_CXX_LANGUAGE_STANDARD = "gnu++0x";
				CLANG_CXX_LIBRARY = "libc++";
				CLANG_ENABLE_MODULES = YES;
				CLANG_ENABLE_OBJC_ARC = YES;
				CLANG_WARN_BOOL_CONVERSION = YES;
				CLANG_WARN_CONSTANT_CONVERSION = YES;
				CLANG_WARN_DIRECT_OBJC_ISA_USAGE = YES_ERROR;
				CLANG_WARN_EMPTY_BODY = YES;
				CLANG_WARN_ENUM_CONVERSION = YES;
				CLANG_WARN_INT_CONVERSION = YES;
				CLANG_WARN_OBJC_ROOT_CLASS = YES_ERROR;
				CLANG_WARN_UNREACHABLE_CODE = YES;
				CLANG_WARN__DUPLICATE_METHOD_MATCH = YES;
				"CODE_SIGN_IDENTITY[sdk=iphoneos*]" = "iPhone Developer";
				COPY_PHASE_STRIP = NO;
				DEBUG_INFORMATION_FORMAT = dwarf;
				ENABLE_STRICT_OBJC_MSGSEND = YES;
				ENABLE_TESTABILITY = YES;
				GCC_C_LANGUAGE_STANDARD = gnu99;
				GCC_DYNAMIC_NO_PIC = NO;
				GCC_NO_COMMON_BLOCKS = YES;
				GCC_OPTIMIZATION_LEVEL = 0;
				GCC_PREPROCESSOR_DEFINITIONS = (
					"DEBUG=1",
					"$(inherited)",
				);
				GCC_WARN_64_TO_32_BIT_CONVERSION = YES;
				GCC_WARN_ABOUT_RETURN_TYPE = YES_ERROR;
				GCC_WARN_UNDECLARED_SELECTOR = YES;
				GCC_WARN_UNINITIALIZED_AUTOS = YES_AGGRESSIVE;
				GCC_WARN_UNUSED_FUNCTION = YES;
				GCC_WARN_UNUSED_VARIABLE = YES;
				IPHONEOS_DEPLOYMENT_TARGET = 9.2;
				MTL_ENABLE_DEBUG_INFO = YES;
				ONLY_ACTIVE_ARCH = YES;
				SDKROOT = iphoneos;
				TARGETED_DEVICE_FAMILY = "1,2";
			};
			name = Debug;
		};
		AC6C5CDE1C50BAC30006121B /* Release */ = {
			isa = XCBuildConfiguration;
			buildSettings = {
				ALWAYS_SEARCH_USER_PATHS = NO;
				CLANG_CXX_LANGUAGE_STANDARD = "gnu++0x";
				CLANG_CXX_LIBRARY = "libc++";
				CLANG_ENABLE_MODULES = YES;
				CLANG_ENABLE_OBJC_ARC = YES;
				CLANG_WARN_BOOL_CONVERSION = YES;
				CLANG_WARN_CONSTANT_CONVERSION = YES;
				CLANG_WARN_DIRECT_OBJC_ISA_USAGE = YES_ERROR;
				CLANG_WARN_EMPTY_BODY = YES;
				CLANG_WARN_ENUM_CONVERSION = YES;
				CLANG_WARN_INT_CONVERSION = YES;
				CLANG_WARN_OBJC_ROOT_CLASS = YES_ERROR;
				CLANG_WARN_UNREACHABLE_CODE = YES;
				CLANG_WARN__DUPLICATE_METHOD_MATCH = YES;
				"CODE_SIGN_IDENTITY[sdk=iphoneos*]" = "iPhone Developer";
				COPY_PHASE_STRIP = NO;
				DEBUG_INFORMATION_FORMAT = "dwarf-with-dsym";
				ENABLE_NS_ASSERTIONS = NO;
				ENABLE_STRICT_OBJC_MSGSEND = YES;
				GCC_C_LANGUAGE_STANDARD = gnu99;
				GCC_NO_COMMON_BLOCKS = YES;
				GCC_WARN_64_TO_32_BIT_CONVERSION = YES;
				GCC_WARN_ABOUT_RETURN_TYPE = YES_ERROR;
				GCC_WARN_UNDECLARED_SELECTOR = YES;
				GCC_WARN_UNINITIALIZED_AUTOS = YES_AGGRESSIVE;
				GCC_WARN_UNUSED_FUNCTION = YES;
				GCC_WARN_UNUSED_VARIABLE = YES;
				IPHONEOS_DEPLOYMENT_TARGET = 9.2;
				MTL_ENABLE_DEBUG_INFO = NO;
				SDKROOT = iphoneos;
				TARGETED_DEVICE_FAMILY = "1,2";
				VALIDATE_PRODUCT = YES;
			};
			name = Release;
		};
		AC6C5CE01C50BAC30006121B /* Debug */ = {
			isa = XCBuildConfiguration;
			buildSettings = {
				ASSETCATALOG_COMPILER_APPICON_NAME = AppIcon;
				INFOPLIST_FILE = GPS_Test/Info.plist;
				LD_RUNPATH_SEARCH_PATHS = "$(inherited) @executable_path/Frameworks";
				PRODUCT_BUNDLE_IDENTIFIER = "com.landinghome.app.us.ivyplug.GPS-Test";
				PRODUCT_NAME = "$(TARGET_NAME)";
			};
			name = Debug;
		};
		AC6C5CE11C50BAC30006121B /* Release */ = {
			isa = XCBuildConfiguration;
			buildSettings = {
				ASSETCATALOG_COMPILER_APPICON_NAME = AppIcon;
				INFOPLIST_FILE = GPS_Test/Info.plist;
				LD_RUNPATH_SEARCH_PATHS = "$(inherited) @executable_path/Frameworks";
				PRODUCT_BUNDLE_IDENTIFIER = "com.landinghome.app.us.ivyplug.GPS-Test";
				PRODUCT_NAME = "$(TARGET_NAME)";
			};
			name = Release;
		};
		AC6C5CE31C50BAC30006121B /* Debug */ = {
			isa = XCBuildConfiguration;
			buildSettings = {
				BUNDLE_LOADER = "$(TEST_HOST)";
				INFOPLIST_FILE = GPS_TestTests/Info.plist;
				LD_RUNPATH_SEARCH_PATHS = "$(inherited) @executable_path/Frameworks @loader_path/Frameworks";
				PRODUCT_BUNDLE_IDENTIFIER = "com.landinghome.app.us.ivyplug.GPS-TestTests";
				PRODUCT_NAME = "$(TARGET_NAME)";
				TEST_HOST = "$(BUILT_PRODUCTS_DIR)/GPS_Test.app/GPS_Test";
			};
			name = Debug;
		};
		AC6C5CE41C50BAC30006121B /* Release */ = {
			isa = XCBuildConfiguration;
			buildSettings = {
				BUNDLE_LOADER = "$(TEST_HOST)";
				INFOPLIST_FILE = GPS_TestTests/Info.plist;
				LD_RUNPATH_SEARCH_PATHS = "$(inherited) @executable_path/Frameworks @loader_path/Frameworks";
				PRODUCT_BUNDLE_IDENTIFIER = "com.landinghome.app.us.ivyplug.GPS-TestTests";
				PRODUCT_NAME = "$(TARGET_NAME)";
				TEST_HOST = "$(BUILT_PRODUCTS_DIR)/GPS_Test.app/GPS_Test";
			};
			name = Release;
		};
		AC6C5CE61C50BAC30006121B /* Debug */ = {
			isa = XCBuildConfiguration;
			buildSettings = {
				INFOPLIST_FILE = GPS_TestUITests/Info.plist;
				LD_RUNPATH_SEARCH_PATHS = "$(inherited) @executable_path/Frameworks @loader_path/Frameworks";
				PRODUCT_BUNDLE_IDENTIFIER = "com.landinghome.app.us.ivyplug.GPS-TestUITests";
				PRODUCT_NAME = "$(TARGET_NAME)";
				TEST_TARGET_NAME = GPS_Test;
				USES_XCTRUNNER = YES;
			};
			name = Debug;
		};
		AC6C5CE71C50BAC30006121B /* Release */ = {
			isa = XCBuildConfiguration;
			buildSettings = {
				INFOPLIST_FILE = GPS_TestUITests/Info.plist;
				LD_RUNPATH_SEARCH_PATHS = "$(inherited) @executable_path/Frameworks @loader_path/Frameworks";
				PRODUCT_BUNDLE_IDENTIFIER = "com.landinghome.app.us.ivyplug.GPS-TestUITests";
				PRODUCT_NAME = "$(TARGET_NAME)";
				TEST_TARGET_NAME = GPS_Test;
				USES_XCTRUNNER = YES;
			};
			name = Release;
		};
/* End XCBuildConfiguration section */

/* Begin XCConfigurationList section */
		AC6C5CAD1C50BAC30006121B /* Build configuration list for PBXProject "GPS_Test" */ = {
			isa = XCConfigurationList;
			buildConfigurations = (
				AC6C5CDD1C50BAC30006121B /* Debug */,
				AC6C5CDE1C50BAC30006121B /* Release */,
			);
			defaultConfigurationIsVisible = 0;
			defaultConfigurationName = Release;
		};
		AC6C5CDF1C50BAC30006121B /* Build configuration list for PBXNativeTarget "GPS_Test" */ = {
			isa = XCConfigurationList;
			buildConfigurations = (
				AC6C5CE01C50BAC30006121B /* Debug */,
				AC6C5CE11C50BAC30006121B /* Release */,
			);
			defaultConfigurationIsVisible = 0;
			defaultConfigurationName = Release;
		};
		AC6C5CE21C50BAC30006121B /* Build configuration list for PBXNativeTarget "GPS_TestTests" */ = {
			isa = XCConfigurationList;
			buildConfigurations = (
				AC6C5CE31C50BAC30006121B /* Debug */,
				AC6C5CE41C50BAC30006121B /* Release */,
			);
			defaultConfigurationIsVisible = 0;
			defaultConfigurationName = Release;
		};
		AC6C5CE51C50BAC30006121B /* Build configuration list for PBXNativeTarget "GPS_TestUITests" */ = {
			isa = XCConfigurationList;
			buildConfigurations = (
				AC6C5CE61C50BAC30006121B /* Debug */,
				AC6C5CE71C50BAC30006121B /* Release */,
			);
			defaultConfigurationIsVisible = 0;
			defaultConfigurationName = Release;
		};
/* End XCConfigurationList section */
	};
	rootObject = AC6C5CAA1C50BAC30006121B /* Project object */;
}
